
Microsoft Visual Studio Solution File, Format Version 12.00
# Visual Studio 14
VisualStudioVersion = 14.0.24720.0
MinimumVisualStudioVersion = 10.0.40219.1
Project("{8BC9CEB8-8B4A-11D0-8D11-00A0C91BC942}") = "wampcra", "wampcra.vcxproj", "{4357F288-DC34-40E3-9AAA-80C1E3EFD633}"
EndProject
Project("{8BC9CEB8-8B4A-11D0-8D11-00A0C91BC942}") = "autobahn-cpp", "autobahn-cpp.vcxproj", "{94DB2E6B-5051-43EB-A4BD-D41F4D70D597}"
EndProject
Project("{8BC9CEB8-8B4A-11D0-8D11-00A0C91BC942}") = "callee", "callee.vcxproj", "{5D930CE9-EC02-4F5F-AEC9-D790E6D40DBE}"
EndProject
Project("{8BC9CEB8-8B4A-11D0-8D11-00A0C91BC942}") = "caller", "caller.vcxproj", "{BF87E140-28C2-41F8-BF65-7776DD215B87}"
EndProject
Project("{8BC9CEB8-8B4A-11D0-8D11-00A0C91BC942}") = "publisher", "publisher.vcxproj", "{352DB303-2BBA-4C01-B22F-35A1196FDE4C}"
EndProject
Project("{8BC9CEB8-8B4A-11D0-8D11-00A0C91BC942}") = "subscriber", "subscriber.vcxproj", "{62501761-0470-453F-99BC-36FC69B339FA}"
EndProject
Project("{8BC9CEB8-8B4A-11D0-8D11-00A0C91BC942}") = "provide_prefix", "provide_prefix.vcxproj", "{B18D21E0-843C-4AC5-8365-495BED662808}"
EndProject
Project("{8BC9CEB8-8B4A-11D0-8D11-00A0C91BC942}") = "websocket", "websocket.vcxproj", "{DF547C71-C634-4F5F-81AE-C0FF0E2A0F73}"
EndProject
Global
	GlobalSection(SolutionConfigurationPlatforms) = preSolution
		Debug|x64 = Debug|x64
		Debug|x86 = Debug|x86
		Release|x64 = Release|x64
		Release|x86 = Release|x86
	EndGlobalSection
	GlobalSection(ProjectConfigurationPlatforms) = postSolution
		{4357F288-DC34-40E3-9AAA-80C1E3EFD633}.Debug|x64.ActiveCfg = Debug|x64
		{4357F288-DC34-40E3-9AAA-80C1E3EFD633}.Debug|x64.Build.0 = Debug|x64
		{4357F288-DC34-40E3-9AAA-80C1E3EFD633}.Debug|x86.ActiveCfg = Debug|Win32
		{4357F288-DC34-40E3-9AAA-80C1E3EFD633}.Debug|x86.Build.0 = Debug|Win32
		{4357F288-DC34-40E3-9AAA-80C1E3EFD633}.Release|x64.ActiveCfg = Release|x64
		{4357F288-DC34-40E3-9AAA-80C1E3EFD633}.Release|x64.Build.0 = Release|x64
		{4357F288-DC34-40E3-9AAA-80C1E3EFD633}.Release|x86.ActiveCfg = Release|Win32
		{4357F288-DC34-40E3-9AAA-80C1E3EFD633}.Release|x86.Build.0 = Release|Win32
		{94DB2E6B-5051-43EB-A4BD-D41F4D70D597}.Debug|x64.ActiveCfg = Release|Win32
		{94DB2E6B-5051-43EB-A4BD-D41F4D70D597}.Debug|x86.ActiveCfg = Release|Win32
		{94DB2E6B-5051-43EB-A4BD-D41F4D70D597}.Release|x64.ActiveCfg = Release|Win32
		{94DB2E6B-5051-43EB-A4BD-D41F4D70D597}.Release|x86.ActiveCfg = Release|Win32
		{5D930CE9-EC02-4F5F-AEC9-D790E6D40DBE}.Debug|x64.ActiveCfg = Debug|x64
		{5D930CE9-EC02-4F5F-AEC9-D790E6D40DBE}.Debug|x64.Build.0 = Debug|x64
		{5D930CE9-EC02-4F5F-AEC9-D790E6D40DBE}.Debug|x86.ActiveCfg = Debug|Win32
		{5D930CE9-EC02-4F5F-AEC9-D790E6D40DBE}.Debug|x86.Build.0 = Debug|Win32
		{5D930CE9-EC02-4F5F-AEC9-D790E6D40DBE}.Release|x64.ActiveCfg = Release|x64
		{5D930CE9-EC02-4F5F-AEC9-D790E6D40DBE}.Release|x64.Build.0 = Release|x64
		{5D930CE9-EC02-4F5F-AEC9-D790E6D40DBE}.Release|x86.ActiveCfg = Release|Win32
		{5D930CE9-EC02-4F5F-AEC9-D790E6D40DBE}.Release|x86.Build.0 = Release|Win32
		{BF87E140-28C2-41F8-BF65-7776DD215B87}.Debug|x64.ActiveCfg = Debug|x64
		{BF87E140-28C2-41F8-BF65-7776DD215B87}.Debug|x64.Build.0 = Debug|x64
		{BF87E140-28C2-41F8-BF65-7776DD215B87}.Debug|x86.ActiveCfg = Debug|Win32
		{BF87E140-28C2-41F8-BF65-7776DD215B87}.Debug|x86.Build.0 = Debug|Win32
		{BF87E140-28C2-41F8-BF65-7776DD215B87}.Release|x64.ActiveCfg = Release|x64
		{BF87E140-28C2-41F8-BF65-7776DD215B87}.Release|x64.Build.0 = Release|x64
		{BF87E140-28C2-41F8-BF65-7776DD215B87}.Release|x86.ActiveCfg = Release|Win32
		{BF87E140-28C2-41F8-BF65-7776DD215B87}.Release|x86.Build.0 = Release|Win32
		{352DB303-2BBA-4C01-B22F-35A1196FDE4C}.Debug|x64.ActiveCfg = Debug|x64
		{352DB303-2BBA-4C01-B22F-35A1196FDE4C}.Debug|x64.Build.0 = Debug|x64
		{352DB303-2BBA-4C01-B22F-35A1196FDE4C}.Debug|x86.ActiveCfg = Debug|Win32
		{352DB303-2BBA-4C01-B22F-35A1196FDE4C}.Debug|x86.Build.0 = Debug|Win32
		{352DB303-2BBA-4C01-B22F-35A1196FDE4C}.Release|x64.ActiveCfg = Release|x64
		{352DB303-2BBA-4C01-B22F-35A1196FDE4C}.Release|x64.Build.0 = Release|x64
		{352DB303-2BBA-4C01-B22F-35A1196FDE4C}.Release|x86.ActiveCfg = Release|Win32
		{352DB303-2BBA-4C01-B22F-35A1196FDE4C}.Release|x86.Build.0 = Release|Win32
		{62501761-0470-453F-99BC-36FC69B339FA}.Debug|x64.ActiveCfg = Debug|x64
		{62501761-0470-453F-99BC-36FC69B339FA}.Debug|x64.Build.0 = Debug|x64
		{62501761-0470-453F-99BC-36FC69B339FA}.Debug|x86.ActiveCfg = Debug|Win32
		{62501761-0470-453F-99BC-36FC69B339FA}.Debug|x86.Build.0 = Debug|Win32
		{62501761-0470-453F-99BC-36FC69B339FA}.Release|x64.ActiveCfg = Release|x64
		{62501761-0470-453F-99BC-36FC69B339FA}.Release|x64.Build.0 = Release|x64
		{62501761-0470-453F-99BC-36FC69B339FA}.Release|x86.ActiveCfg = Release|Win32
		{62501761-0470-453F-99BC-36FC69B339FA}.Release|x86.Build.0 = Release|Win32
		{B18D21E0-843C-4AC5-8365-495BED662808}.Debug|x64.ActiveCfg = Debug|x64
		{B18D21E0-843C-4AC5-8365-495BED662808}.Debug|x64.Build.0 = Debug|x64
		{B18D21E0-843C-4AC5-8365-495BED662808}.Debug|x86.ActiveCfg = Debug|Win32
		{B18D21E0-843C-4AC5-8365-495BED662808}.Debug|x86.Build.0 = Debug|Win32
		{B18D21E0-843C-4AC5-8365-495BED662808}.Release|x64.ActiveCfg = Release|x64
		{B18D21E0-843C-4AC5-8365-495BED662808}.Release|x64.Build.0 = Release|x64
		{B18D21E0-843C-4AC5-8365-495BED662808}.Release|x86.ActiveCfg = Release|Win32
		{B18D21E0-843C-4AC5-8365-495BED662808}.Release|x86.Build.0 = Release|Win32
		{DF547C71-C634-4F5F-81AE-C0FF0E2A0F73}.Debug|x64.ActiveCfg = Debug|x64
		{DF547C71-C634-4F5F-81AE-C0FF0E2A0F73}.Debug|x64.Build.0 = Debug|x64
		{DF547C71-C634-4F5F-81AE-C0FF0E2A0F73}.Debug|x86.ActiveCfg = Debug|Win32
		{DF547C71-C634-4F5F-81AE-C0FF0E2A0F73}.Debug|x86.Build.0 = Debug|Win32
		{DF547C71-C634-4F5F-81AE-C0FF0E2A0F73}.Release|x64.ActiveCfg = Release|x64
		{DF547C71-C634-4F5F-81AE-C0FF0E2A0F73}.Release|x64.Build.0 = Release|x64
		{DF547C71-C634-4F5F-81AE-C0FF0E2A0F73}.Release|x86.ActiveCfg = Release|Win32
		{DF547C71-C634-4F5F-81AE-C0FF0E2A0F73}.Release|x86.Build.0 = Release|Win32
	EndGlobalSection
	GlobalSection(SolutionProperties) = preSolution
		HideSolutionNode = FALSE
	EndGlobalSection
EndGlobal
